Microsoft Visual Studio Solution File, Format Version 12.00
# Visual Studio Version 17
VisualStudioVersion = 17.5.2.0
MinimumVisualStudioVersion = 10.0.40219.1
Project("{FAE04EC0-301F-11D3-BF4B-00C04F79EFBC}") = "SitemapBuilder", "SitemapBuilder\SitemapBuilder.csproj", "{CA98526E-7712-37AE-1D83-E673D590AB51}"
EndProject
Global
	GlobalSection(SolutionConfigurationPlatforms) = preSolution
		Debug|Any CPU = Debug|Any CPU
		Release|Any CPU = Release|Any CPU
	EndGlobalSection
	GlobalSection(ProjectConfigurationPlatforms) = postSolution
		{CA98526E-7712-37AE-1D83-E673D590AB51}.Debug|Any CPU.ActiveCfg = Debug|Any CPU
		{CA98526E-7712-37AE-1D83-E673D590AB51}.Debug|Any CPU.Build.0 = Debug|Any CPU
		{CA98526E-7712-37AE-1D83-E673D590AB51}.Release|Any CPU.ActiveCfg = Release|Any CPU
		{CA98526E-7712-37AE-1D83-E673D590AB51}.Release|Any CPU.Build.0 = Release|Any CPU
	EndGlobalSection
	GlobalSection(SolutionProperties) = preSolution
		HideSolutionNode = FALSE
	EndGlobalSection
	GlobalSection(ExtensibilityGlobals) = postSolution
		SolutionGuid = {D35D2FC5-BEB4-446F-A677-B08FE7390F9B}
	EndGlobalSection
EndGlobal
